
Microsoft Visual Studio Solution File, Format Version 11.00
# Visual Studio 2010
Project("{FAE04EC0-301F-11D3-BF4B-00C04F79EFBC}") = "TMC", "TMC\TMC.csproj", "{114CD69D-938F-47D2-B957-8E4050D43E51}"
EndProject
Project("{FAE04EC0-301F-11D3-BF4B-00C04F79EFBC}") = "ACINOX", "..\ACINOX Components\ACINOX Components\ACINOX.csproj", "{B50DAE58-F5B9-48FD-91CA-D7BC07E40D67}"
EndProject
Project("{2150E333-8FDC-42A3-9474-1A3956D46DE8}") = "Solution Items", "Solution Items", "{FE5EE377-F553-4939-982C-B74B74879301}"
	ProjectSection(SolutionItems) = preProject
		Local.testsettings = Local.testsettings
		TMC1.vsmdi = TMC1.vsmdi
		TraceAndTestImpact.testsettings = TraceAndTestImpact.testsettings
	EndProjectSection
EndProject
Project("{FAE04EC0-301F-11D3-BF4B-00C04F79EFBC}") = "Prueba_Sistema", "Prueba_Sistema\Prueba_Sistema.csproj", "{8CDADBAC-9D2E-4AB4-8000-78A8CDB2066B}"
EndProject
Global
	GlobalSection(TestCaseManagementSettings) = postSolution
		CategoryFile = TMC1.vsmdi
	EndGlobalSection
	GlobalSection(SolutionConfigurationPlatforms) = preSolution
		Debug|Any CPU = Debug|Any CPU
		Debug|Mixed Platforms = Debug|Mixed Platforms
		Debug|x86 = Debug|x86
		Release|Any CPU = Release|Any CPU
		Release|Mixed Platforms = Release|Mixed Platforms
		Release|x86 = Release|x86
	EndGlobalSection
	GlobalSection(ProjectConfigurationPlatforms) = postSolution
		{114CD69D-938F-47D2-B957-8E4050D43E51}.Debug|Any CPU.ActiveCfg = Debug|Any CPU
		{114CD69D-938F-47D2-B957-8E4050D43E51}.Debug|Any CPU.Build.0 = Debug|Any CPU
		{114CD69D-938F-47D2-B957-8E4050D43E51}.Debug|Mixed Platforms.ActiveCfg = Debug|Any CPU
		{114CD69D-938F-47D2-B957-8E4050D43E51}.Debug|Mixed Platforms.Build.0 = Debug|Any CPU
		{114CD69D-938F-47D2-B957-8E4050D43E51}.Debug|x86.ActiveCfg = Debug|Any CPU
		{114CD69D-938F-47D2-B957-8E4050D43E51}.Release|Any CPU.ActiveCfg = Release|Any CPU
		{114CD69D-938F-47D2-B957-8E4050D43E51}.Release|Any CPU.Build.0 = Release|Any CPU
		{114CD69D-938F-47D2-B957-8E4050D43E51}.Release|Mixed Platforms.ActiveCfg = Release|Any CPU
		{114CD69D-938F-47D2-B957-8E4050D43E51}.Release|Mixed Platforms.Build.0 = Release|Any CPU
		{114CD69D-938F-47D2-B957-8E4050D43E51}.Release|x86.ActiveCfg = Release|Any CPU
		{B50DAE58-F5B9-48FD-91CA-D7BC07E40D67}.Debug|Any CPU.ActiveCfg = Debug|x86
		{B50DAE58-F5B9-48FD-91CA-D7BC07E40D67}.Debug|Mixed Platforms.ActiveCfg = Debug|x86
		{B50DAE58-F5B9-48FD-91CA-D7BC07E40D67}.Debug|Mixed Platforms.Build.0 = Debug|x86
		{B50DAE58-F5B9-48FD-91CA-D7BC07E40D67}.Debug|x86.ActiveCfg = Debug|x86
		{B50DAE58-F5B9-48FD-91CA-D7BC07E40D67}.Debug|x86.Build.0 = Debug|x86
		{B50DAE58-F5B9-48FD-91CA-D7BC07E40D67}.Release|Any CPU.ActiveCfg = Release|x86
		{B50DAE58-F5B9-48FD-91CA-D7BC07E40D67}.Release|Mixed Platforms.ActiveCfg = Release|x86
		{B50DAE58-F5B9-48FD-91CA-D7BC07E40D67}.Release|Mixed Platforms.Build.0 = Release|x86
		{B50DAE58-F5B9-48FD-91CA-D7BC07E40D67}.Release|x86.ActiveCfg = Release|x86
		{B50DAE58-F5B9-48FD-91CA-D7BC07E40D67}.Release|x86.Build.0 = Release|x86
		{8CDADBAC-9D2E-4AB4-8000-78A8CDB2066B}.Debug|Any CPU.ActiveCfg = Debug|Any CPU
		{8CDADBAC-9D2E-4AB4-8000-78A8CDB2066B}.Debug|Any CPU.Build.0 = Debug|Any CPU
		{8CDADBAC-9D2E-4AB4-8000-78A8CDB2066B}.Debug|Mixed Platforms.ActiveCfg = Debug|Any CPU
		{8CDADBAC-9D2E-4AB4-8000-78A8CDB2066B}.Debug|Mixed Platforms.Build.0 = Debug|Any CPU
		{8CDADBAC-9D2E-4AB4-8000-78A8CDB2066B}.Debug|x86.ActiveCfg = Debug|Any CPU
		{8CDADBAC-9D2E-4AB4-8000-78A8CDB2066B}.Release|Any CPU.ActiveCfg = Release|Any CPU
		{8CDADBAC-9D2E-4AB4-8000-78A8CDB2066B}.Release|Any CPU.Build.0 = Release|Any CPU
		{8CDADBAC-9D2E-4AB4-8000-78A8CDB2066B}.Release|Mixed Platforms.ActiveCfg = Release|Any CPU
		{8CDADBAC-9D2E-4AB4-8000-78A8CDB2066B}.Release|Mixed Platforms.Build.0 = Release|Any CPU
		{8CDADBAC-9D2E-4AB4-8000-78A8CDB2066B}.Release|x86.ActiveCfg = Release|Any CPU
	EndGlobalSection
	GlobalSection(SolutionProperties) = preSolution
		HideSolutionNode = FALSE
	EndGlobalSection
EndGlobal
